
Microsoft Visual Studio Solution File, Format Version 12.00
# Visual Studio Version 17
VisualStudioVersion = 17.0.31903.59
MinimumVisualStudioVersion = 10.0.40219.1
Project("{2150E333-8FDC-42A3-9474-1A3956D46DE8}") = "lib", "lib", "{BE22CDE4-7A6D-4745-AB25-5FEC7D5C7E11}"
EndProject
Project("{FAE04EC0-301F-11D3-BF4B-00C04F79EFBC}") = "Dreamlands.Map", "lib\Map\Dreamlands.Map.csproj", "{F7C1D37B-3F90-4846-A32B-6DAA583E51F3}"
EndProject
Project("{FAE04EC0-301F-11D3-BF4B-00C04F79EFBC}") = "Dreamlands.Encounter", "lib\Encounter\Dreamlands.Encounter.csproj", "{C3D4E5F6-A7B8-9012-CDEF-123456789012}"
EndProject
Project("{FAE04EC0-301F-11D3-BF4B-00C04F79EFBC}") = "MapGen", "mapgen\MapGen.csproj", "{971E6DFE-2973-4C75-AABA-3FB1DABFFC39}"
EndProject
Project("{FAE04EC0-301F-11D3-BF4B-00C04F79EFBC}") = "Dreamlands.Rules", "lib\Rules\Dreamlands.Rules.csproj", "{FF652B76-E8F1-44A2-AE80-FFCA9A1B9FFD}"
EndProject
Project("{FAE04EC0-301F-11D3-BF4B-00C04F79EFBC}") = "Dreamlands.Game", "lib\Game\Dreamlands.Game.csproj", "{1B4F2F25-C439-4BC4-A9E1-D16608E554A1}"
EndProject
Project("{FAE04EC0-301F-11D3-BF4B-00C04F79EFBC}") = "Dreamlands.Flavor", "lib\Flavor\Dreamlands.Flavor.csproj", "{A6DA222C-2928-4FF3-A945-4761DAF2CA93}"
EndProject
Project("{FAE04EC0-301F-11D3-BF4B-00C04F79EFBC}") = "Dreamlands.Orchestration", "lib\Orchestration\Dreamlands.Orchestration.csproj", "{F9CE98D5-A6EC-462F-A374-3441775EB98B}"
EndProject
Project("{2150E333-8FDC-42A3-9474-1A3956D46DE8}") = "ui", "ui", "{2DF10B02-58B2-417C-A7A9-3B13AD8E2693}"
EndProject
Project("{FAE04EC0-301F-11D3-BF4B-00C04F79EFBC}") = "DreamlandsCli", "ui\cli\DreamlandsCli.csproj", "{D4233BB2-F831-4808-9A16-69D9E0EFF2BF}"
EndProject
Project("{2150E333-8FDC-42A3-9474-1A3956D46DE8}") = "server", "server", "{C1E6B712-675A-4A6A-9765-F924F71CF3B1}"
EndProject
Project("{FAE04EC0-301F-11D3-BF4B-00C04F79EFBC}") = "GameServer", "server\GameServer\GameServer.csproj", "{D72A9F26-D487-4967-871A-91AB227ECCEE}"
EndProject
Project("{2150E333-8FDC-42A3-9474-1A3956D46DE8}") = "tests", "tests", "{7172C623-A0DA-4B1C-9021-7E3C484979B5}"
EndProject
Project("{FAE04EC0-301F-11D3-BF4B-00C04F79EFBC}") = "Dreamlands.Rules.Tests", "tests\Dreamlands.Rules.Tests\Dreamlands.Rules.Tests.csproj", "{965898B6-5D4E-4B5A-A1CF-A0D88DE9F515}"
EndProject
Project("{FAE04EC0-301F-11D3-BF4B-00C04F79EFBC}") = "Dreamlands.Game.Tests", "tests\Dreamlands.Game.Tests\Dreamlands.Game.Tests.csproj", "{97A7D127-23A9-4CDB-ABBF-A818C04E7450}"
EndProject
Project("{FAE04EC0-301F-11D3-BF4B-00C04F79EFBC}") = "Dreamlands.Encounter.Tests", "tests\Dreamlands.Encounter.Tests\Dreamlands.Encounter.Tests.csproj", "{77B93D67-4AC4-4A46-8A8C-56BD56E703A7}"
EndProject
Project("{FAE04EC0-301F-11D3-BF4B-00C04F79EFBC}") = "Dreamlands.Map.Tests", "tests\Dreamlands.Map.Tests\Dreamlands.Map.Tests.csproj", "{553A1475-A77E-46CF-99F2-A3E822E764B3}"
EndProject
Project("{FAE04EC0-301F-11D3-BF4B-00C04F79EFBC}") = "Dreamlands.Orchestration.Tests", "tests\Dreamlands.Orchestration.Tests\Dreamlands.Orchestration.Tests.csproj", "{E3D4FA08-4044-47C5-9991-3ACA2D365745}"
EndProject
Global
	GlobalSection(SolutionConfigurationPlatforms) = preSolution
		Debug|Any CPU = Debug|Any CPU
		Release|Any CPU = Release|Any CPU
	EndGlobalSection
	GlobalSection(SolutionProperties) = preSolution
		HideSolutionNode = FALSE
	EndGlobalSection
	GlobalSection(ProjectConfigurationPlatforms) = postSolution
		{F7C1D37B-3F90-4846-A32B-6DAA583E51F3}.Debug|Any CPU.ActiveCfg = Debug|Any CPU
		{F7C1D37B-3F90-4846-A32B-6DAA583E51F3}.Debug|Any CPU.Build.0 = Debug|Any CPU
		{F7C1D37B-3F90-4846-A32B-6DAA583E51F3}.Release|Any CPU.ActiveCfg = Release|Any CPU
		{F7C1D37B-3F90-4846-A32B-6DAA583E51F3}.Release|Any CPU.Build.0 = Release|Any CPU
		{971E6DFE-2973-4C75-AABA-3FB1DABFFC39}.Debug|Any CPU.ActiveCfg = Debug|Any CPU
		{971E6DFE-2973-4C75-AABA-3FB1DABFFC39}.Debug|Any CPU.Build.0 = Debug|Any CPU
		{971E6DFE-2973-4C75-AABA-3FB1DABFFC39}.Release|Any CPU.ActiveCfg = Release|Any CPU
		{971E6DFE-2973-4C75-AABA-3FB1DABFFC39}.Release|Any CPU.Build.0 = Release|Any CPU
		{C3D4E5F6-A7B8-9012-CDEF-123456789012}.Debug|Any CPU.ActiveCfg = Debug|Any CPU
		{C3D4E5F6-A7B8-9012-CDEF-123456789012}.Debug|Any CPU.Build.0 = Debug|Any CPU
		{C3D4E5F6-A7B8-9012-CDEF-123456789012}.Release|Any CPU.ActiveCfg = Release|Any CPU
		{C3D4E5F6-A7B8-9012-CDEF-123456789012}.Release|Any CPU.Build.0 = Release|Any CPU
		{FF652B76-E8F1-44A2-AE80-FFCA9A1B9FFD}.Debug|Any CPU.ActiveCfg = Debug|Any CPU
		{FF652B76-E8F1-44A2-AE80-FFCA9A1B9FFD}.Debug|Any CPU.Build.0 = Debug|Any CPU
		{FF652B76-E8F1-44A2-AE80-FFCA9A1B9FFD}.Release|Any CPU.ActiveCfg = Release|Any CPU
		{FF652B76-E8F1-44A2-AE80-FFCA9A1B9FFD}.Release|Any CPU.Build.0 = Release|Any CPU
		{1B4F2F25-C439-4BC4-A9E1-D16608E554A1}.Debug|Any CPU.ActiveCfg = Debug|Any CPU
		{1B4F2F25-C439-4BC4-A9E1-D16608E554A1}.Debug|Any CPU.Build.0 = Debug|Any CPU
		{1B4F2F25-C439-4BC4-A9E1-D16608E554A1}.Release|Any CPU.ActiveCfg = Release|Any CPU
		{1B4F2F25-C439-4BC4-A9E1-D16608E554A1}.Release|Any CPU.Build.0 = Release|Any CPU
		{A6DA222C-2928-4FF3-A945-4761DAF2CA93}.Debug|Any CPU.ActiveCfg = Debug|Any CPU
		{A6DA222C-2928-4FF3-A945-4761DAF2CA93}.Debug|Any CPU.Build.0 = Debug|Any CPU
		{A6DA222C-2928-4FF3-A945-4761DAF2CA93}.Release|Any CPU.ActiveCfg = Release|Any CPU
		{A6DA222C-2928-4FF3-A945-4761DAF2CA93}.Release|Any CPU.Build.0 = Release|Any CPU
		{F9CE98D5-A6EC-462F-A374-3441775EB98B}.Debug|Any CPU.ActiveCfg = Debug|Any CPU
		{F9CE98D5-A6EC-462F-A374-3441775EB98B}.Debug|Any CPU.Build.0 = Debug|Any CPU
		{F9CE98D5-A6EC-462F-A374-3441775EB98B}.Release|Any CPU.ActiveCfg = Release|Any CPU
		{F9CE98D5-A6EC-462F-A374-3441775EB98B}.Release|Any CPU.Build.0 = Release|Any CPU
		{D4233BB2-F831-4808-9A16-69D9E0EFF2BF}.Debug|Any CPU.ActiveCfg = Debug|Any CPU
		{D4233BB2-F831-4808-9A16-69D9E0EFF2BF}.Debug|Any CPU.Build.0 = Debug|Any CPU
		{D4233BB2-F831-4808-9A16-69D9E0EFF2BF}.Release|Any CPU.ActiveCfg = Release|Any CPU
		{D4233BB2-F831-4808-9A16-69D9E0EFF2BF}.Release|Any CPU.Build.0 = Release|Any CPU
		{D72A9F26-D487-4967-871A-91AB227ECCEE}.Debug|Any CPU.ActiveCfg = Debug|Any CPU
		{D72A9F26-D487-4967-871A-91AB227ECCEE}.Debug|Any CPU.Build.0 = Debug|Any CPU
		{D72A9F26-D487-4967-871A-91AB227ECCEE}.Release|Any CPU.ActiveCfg = Release|Any CPU
		{D72A9F26-D487-4967-871A-91AB227ECCEE}.Release|Any CPU.Build.0 = Release|Any CPU
		{965898B6-5D4E-4B5A-A1CF-A0D88DE9F515}.Debug|Any CPU.ActiveCfg = Debug|Any CPU
		{965898B6-5D4E-4B5A-A1CF-A0D88DE9F515}.Debug|Any CPU.Build.0 = Debug|Any CPU
		{965898B6-5D4E-4B5A-A1CF-A0D88DE9F515}.Release|Any CPU.ActiveCfg = Release|Any CPU
		{965898B6-5D4E-4B5A-A1CF-A0D88DE9F515}.Release|Any CPU.Build.0 = Release|Any CPU
		{97A7D127-23A9-4CDB-ABBF-A818C04E7450}.Debug|Any CPU.ActiveCfg = Debug|Any CPU
		{97A7D127-23A9-4CDB-ABBF-A818C04E7450}.Debug|Any CPU.Build.0 = Debug|Any CPU
		{97A7D127-23A9-4CDB-ABBF-A818C04E7450}.Release|Any CPU.ActiveCfg = Release|Any CPU
		{97A7D127-23A9-4CDB-ABBF-A818C04E7450}.Release|Any CPU.Build.0 = Release|Any CPU
		{77B93D67-4AC4-4A46-8A8C-56BD56E703A7}.Debug|Any CPU.ActiveCfg = Debug|Any CPU
		{77B93D67-4AC4-4A46-8A8C-56BD56E703A7}.Debug|Any CPU.Build.0 = Debug|Any CPU
		{77B93D67-4AC4-4A46-8A8C-56BD56E703A7}.Release|Any CPU.ActiveCfg = Release|Any CPU
		{77B93D67-4AC4-4A46-8A8C-56BD56E703A7}.Release|Any CPU.Build.0 = Release|Any CPU
		{553A1475-A77E-46CF-99F2-A3E822E764B3}.Debug|Any CPU.ActiveCfg = Debug|Any CPU
		{553A1475-A77E-46CF-99F2-A3E822E764B3}.Debug|Any CPU.Build.0 = Debug|Any CPU
		{553A1475-A77E-46CF-99F2-A3E822E764B3}.Release|Any CPU.ActiveCfg = Release|Any CPU
		{553A1475-A77E-46CF-99F2-A3E822E764B3}.Release|Any CPU.Build.0 = Release|Any CPU
		{E3D4FA08-4044-47C5-9991-3ACA2D365745}.Debug|Any CPU.ActiveCfg = Debug|Any CPU
		{E3D4FA08-4044-47C5-9991-3ACA2D365745}.Debug|Any CPU.Build.0 = Debug|Any CPU
		{E3D4FA08-4044-47C5-9991-3ACA2D365745}.Release|Any CPU.ActiveCfg = Release|Any CPU
		{E3D4FA08-4044-47C5-9991-3ACA2D365745}.Release|Any CPU.Build.0 = Release|Any CPU
	EndGlobalSection
	GlobalSection(NestedProjects) = preSolution
		{F7C1D37B-3F90-4846-A32B-6DAA583E51F3} = {BE22CDE4-7A6D-4745-AB25-5FEC7D5C7E11}
		{C3D4E5F6-A7B8-9012-CDEF-123456789012} = {BE22CDE4-7A6D-4745-AB25-5FEC7D5C7E11}
		{FF652B76-E8F1-44A2-AE80-FFCA9A1B9FFD} = {BE22CDE4-7A6D-4745-AB25-5FEC7D5C7E11}
		{1B4F2F25-C439-4BC4-A9E1-D16608E554A1} = {BE22CDE4-7A6D-4745-AB25-5FEC7D5C7E11}
		{A6DA222C-2928-4FF3-A945-4761DAF2CA93} = {BE22CDE4-7A6D-4745-AB25-5FEC7D5C7E11}
		{F9CE98D5-A6EC-462F-A374-3441775EB98B} = {BE22CDE4-7A6D-4745-AB25-5FEC7D5C7E11}
		{D4233BB2-F831-4808-9A16-69D9E0EFF2BF} = {2DF10B02-58B2-417C-A7A9-3B13AD8E2693}
		{D72A9F26-D487-4967-871A-91AB227ECCEE} = {C1E6B712-675A-4A6A-9765-F924F71CF3B1}
		{965898B6-5D4E-4B5A-A1CF-A0D88DE9F515} = {7172C623-A0DA-4B1C-9021-7E3C484979B5}
		{97A7D127-23A9-4CDB-ABBF-A818C04E7450} = {7172C623-A0DA-4B1C-9021-7E3C484979B5}
		{77B93D67-4AC4-4A46-8A8C-56BD56E703A7} = {7172C623-A0DA-4B1C-9021-7E3C484979B5}
		{553A1475-A77E-46CF-99F2-A3E822E764B3} = {7172C623-A0DA-4B1C-9021-7E3C484979B5}
		{E3D4FA08-4044-47C5-9991-3ACA2D365745} = {7172C623-A0DA-4B1C-9021-7E3C484979B5}
	EndGlobalSection
EndGlobal
