
Microsoft Visual Studio Solution File, Format Version 12.00
# Visual Studio Version 17
Project("{FAE04EC0-301F-11D3-BF4B-00C04F79EFBC}") = "Dreamlands.Encounter", "..\..\lib\Encounter\Dreamlands.Encounter.csproj", "{A1B2C3D4-E5F6-7890-ABCD-EF1234567890}"
EndProject
Project("{FAE04EC0-301F-11D3-BF4B-00C04F79EFBC}") = "EncounterCli", "EncounterCli\EncounterCli.csproj", "{B2C3D4E5-F6A7-8901-BCDE-F12345678901}"
EndProject
Project("{FAE04EC0-301F-11D3-BF4B-00C04F79EFBC}") = "Dreamlands.Rules", "..\..\lib\Rules\Dreamlands.Rules.csproj", "{C3D4E5F6-A7B8-9012-CDEF-123456789012}"
EndProject
Project("{FAE04EC0-301F-11D3-BF4B-00C04F79EFBC}") = "Dreamlands.Game", "..\..\lib\Game\Dreamlands.Game.csproj", "{D4E5F6A7-B8C9-0123-DEF0-234567890123}"
EndProject
Project("{FAE04EC0-301F-11D3-BF4B-00C04F79EFBC}") = "Dreamlands.Tactical", "..\..\lib\Tactical\Dreamlands.Tactical.csproj", "{122AEEA2-5965-4135-9390-E86F91E4E7C9}"
EndProject
Project("{FAE04EC0-301F-11D3-BF4B-00C04F79EFBC}") = "Dreamlands.Orchestration", "..\..\lib\Orchestration\Dreamlands.Orchestration.csproj", "{84E9DA8B-D805-4004-95BF-87FA3919850A}"
EndProject
Project("{FAE04EC0-301F-11D3-BF4B-00C04F79EFBC}") = "Dreamlands.Map", "..\..\lib\Map\Dreamlands.Map.csproj", "{992C7D21-79AC-4627-82C4-7DDC90FA2AFF}"
EndProject
Project("{FAE04EC0-301F-11D3-BF4B-00C04F79EFBC}") = "Dreamlands.Flavor", "..\..\lib\Flavor\Dreamlands.Flavor.csproj", "{54768F06-868F-43BF-99EC-CC0BC4EFD837}"
EndProject
Global
	GlobalSection(SolutionConfigurationPlatforms) = preSolution
		Debug|Any CPU = Debug|Any CPU
		Release|Any CPU = Release|Any CPU
	EndGlobalSection
	GlobalSection(ProjectConfigurationPlatforms) = postSolution
		{A1B2C3D4-E5F6-7890-ABCD-EF1234567890}.Debug|Any CPU.ActiveCfg = Debug|Any CPU
		{A1B2C3D4-E5F6-7890-ABCD-EF1234567890}.Debug|Any CPU.Build.0 = Debug|Any CPU
		{A1B2C3D4-E5F6-7890-ABCD-EF1234567890}.Release|Any CPU.ActiveCfg = Release|Any CPU
		{A1B2C3D4-E5F6-7890-ABCD-EF1234567890}.Release|Any CPU.Build.0 = Release|Any CPU
		{B2C3D4E5-F6A7-8901-BCDE-F12345678901}.Debug|Any CPU.ActiveCfg = Debug|Any CPU
		{B2C3D4E5-F6A7-8901-BCDE-F12345678901}.Debug|Any CPU.Build.0 = Debug|Any CPU
		{B2C3D4E5-F6A7-8901-BCDE-F12345678901}.Release|Any CPU.ActiveCfg = Release|Any CPU
		{B2C3D4E5-F6A7-8901-BCDE-F12345678901}.Release|Any CPU.Build.0 = Release|Any CPU
		{C3D4E5F6-A7B8-9012-CDEF-123456789012}.Debug|Any CPU.ActiveCfg = Debug|Any CPU
		{C3D4E5F6-A7B8-9012-CDEF-123456789012}.Debug|Any CPU.Build.0 = Debug|Any CPU
		{C3D4E5F6-A7B8-9012-CDEF-123456789012}.Release|Any CPU.ActiveCfg = Release|Any CPU
		{C3D4E5F6-A7B8-9012-CDEF-123456789012}.Release|Any CPU.Build.0 = Release|Any CPU
		{D4E5F6A7-B8C9-0123-DEF0-234567890123}.Debug|Any CPU.ActiveCfg = Debug|Any CPU
		{D4E5F6A7-B8C9-0123-DEF0-234567890123}.Debug|Any CPU.Build.0 = Debug|Any CPU
		{D4E5F6A7-B8C9-0123-DEF0-234567890123}.Release|Any CPU.ActiveCfg = Release|Any CPU
		{D4E5F6A7-B8C9-0123-DEF0-234567890123}.Release|Any CPU.Build.0 = Release|Any CPU
		{122AEEA2-5965-4135-9390-E86F91E4E7C9}.Debug|Any CPU.ActiveCfg = Debug|Any CPU
		{122AEEA2-5965-4135-9390-E86F91E4E7C9}.Debug|Any CPU.Build.0 = Debug|Any CPU
		{122AEEA2-5965-4135-9390-E86F91E4E7C9}.Release|Any CPU.ActiveCfg = Release|Any CPU
		{122AEEA2-5965-4135-9390-E86F91E4E7C9}.Release|Any CPU.Build.0 = Release|Any CPU
		{84E9DA8B-D805-4004-95BF-87FA3919850A}.Debug|Any CPU.ActiveCfg = Debug|Any CPU
		{84E9DA8B-D805-4004-95BF-87FA3919850A}.Debug|Any CPU.Build.0 = Debug|Any CPU
		{84E9DA8B-D805-4004-95BF-87FA3919850A}.Release|Any CPU.ActiveCfg = Release|Any CPU
		{84E9DA8B-D805-4004-95BF-87FA3919850A}.Release|Any CPU.Build.0 = Release|Any CPU
		{992C7D21-79AC-4627-82C4-7DDC90FA2AFF}.Debug|Any CPU.ActiveCfg = Debug|Any CPU
		{992C7D21-79AC-4627-82C4-7DDC90FA2AFF}.Debug|Any CPU.Build.0 = Debug|Any CPU
		{992C7D21-79AC-4627-82C4-7DDC90FA2AFF}.Release|Any CPU.ActiveCfg = Release|Any CPU
		{992C7D21-79AC-4627-82C4-7DDC90FA2AFF}.Release|Any CPU.Build.0 = Release|Any CPU
		{54768F06-868F-43BF-99EC-CC0BC4EFD837}.Debug|Any CPU.ActiveCfg = Debug|Any CPU
		{54768F06-868F-43BF-99EC-CC0BC4EFD837}.Debug|Any CPU.Build.0 = Debug|Any CPU
		{54768F06-868F-43BF-99EC-CC0BC4EFD837}.Release|Any CPU.ActiveCfg = Release|Any CPU
		{54768F06-868F-43BF-99EC-CC0BC4EFD837}.Release|Any CPU.Build.0 = Release|Any CPU
	EndGlobalSection
EndGlobal
